
Microsoft Visual Studio Solution File, Format Version 12.00
# Visual Studio Version 16
VisualStudioVersion = 16.0.29326.143
MinimumVisualStudioVersion = 10.0.40219.1
Project("{FAE04EC0-301F-11D3-BF4B-00C04F79EFBC}") = "i4-challenge-backend", "i4-challenge-backend\i4-challenge-backend.csproj", "{894A971B-D68B-4AEB-A4E5-029CDD83B33D}"
EndProject
Global
	GlobalSection(SolutionConfigurationPlatforms) = preSolution
		Debug|Any CPU = Debug|Any CPU
		Release|Any CPU = Release|Any CPU
	EndGlobalSection
	GlobalSection(ProjectConfigurationPlatforms) = postSolution
		{894A971B-D68B-4AEB-A4E5-029CDD83B33D}.Debug|Any CPU.ActiveCfg = Debug|Any CPU
		{894A971B-D68B-4AEB-A4E5-029CDD83B33D}.Debug|Any CPU.Build.0 = Debug|Any CPU
		{894A971B-D68B-4AEB-A4E5-029CDD83B33D}.Release|Any CPU.ActiveCfg = Release|Any CPU
		{894A971B-D68B-4AEB-A4E5-029CDD83B33D}.Release|Any CPU.Build.0 = Release|Any CPU
	EndGlobalSection
	GlobalSection(SolutionProperties) = preSolution
		HideSolutionNode = FALSE
	EndGlobalSection
	GlobalSection(ExtensibilityGlobals) = postSolution
		SolutionGuid = {7B840D6B-8618-48A5-980B-AC5A01B0023A}
	EndGlobalSection
EndGlobal
